
Microsoft Visual Studio Solution File, Format Version 12.00
# Visual Studio Version 17
VisualStudioVersion = 17.3.32825.248
MinimumVisualStudioVersion = 10.0.40219.1
Project("{FAE04EC0-301F-11D3-BF4B-00C04F79EFBC}") = "RoboTech", "RoboTech\RoboTech.csproj", "{8D55ABB1-CB88-4ACE-93AA-612E8D06EEF9}"
EndProject
Global
	GlobalSection(SolutionConfigurationPlatforms) = preSolution
		Debug|Any CPU = Debug|Any CPU
		Release|Any CPU = Release|Any CPU
	EndGlobalSection
	GlobalSection(ProjectConfigurationPlatforms) = postSolution
		{8D55ABB1-CB88-4ACE-93AA-612E8D06EEF9}.Debug|Any CPU.ActiveCfg = Debug|Any CPU
		{8D55ABB1-CB88-4ACE-93AA-612E8D06EEF9}.Debug|Any CPU.Build.0 = Debug|Any CPU
		{8D55ABB1-CB88-4ACE-93AA-612E8D06EEF9}.Release|Any CPU.ActiveCfg = Release|Any CPU
		{8D55ABB1-CB88-4ACE-93AA-612E8D06EEF9}.Release|Any CPU.Build.0 = Release|Any CPU
	EndGlobalSection
	GlobalSection(SolutionProperties) = preSolution
		HideSolutionNode = FALSE
	EndGlobalSection
	GlobalSection(ExtensibilityGlobals) = postSolution
		SolutionGuid = {D0E0FDA3-EDAC-4DCA-8785-6FCAF97D2A55}
	EndGlobalSection
EndGlobal
